
Microsoft Visual Studio Solution File, Format Version 12.00
# Visual Studio Version 16
VisualStudioVersion = 16.0.30717.126
MinimumVisualStudioVersion = 10.0.40219.1
Project("{FAE04EC0-301F-11D3-BF4B-00C04F79EFBC}") = "QuiqBlog", "QuiqBlog\QuiqBlog.csproj", "{D70E3349-C593-46F9-ACCF-7D6922B1EF81}"
EndProject
Project("{FAE04EC0-301F-11D3-BF4B-00C04F79EFBC}") = "QuiqBlog.Data", "QuiqBlog.Data\QuiqBlog.Data.csproj", "{3775E04B-12E2-4B0E-A2CB-7AEBAC03B3DB}"
EndProject
Project("{FAE04EC0-301F-11D3-BF4B-00C04F79EFBC}") = "QuiqBlog.Service", "QuiqBlog.Service\QuiqBlog.Service.csproj", "{996037EB-8588-4CAA-AFA2-9CC7A2C60B1E}"
EndProject
Global
	GlobalSection(SolutionConfigurationPlatforms) = preSolution
		Debug|Any CPU = Debug|Any CPU
		Release|Any CPU = Release|Any CPU
	EndGlobalSection
	GlobalSection(ProjectConfigurationPlatforms) = postSolution
		{D70E3349-C593-46F9-ACCF-7D6922B1EF81}.Debug|Any CPU.ActiveCfg = Debug|Any CPU
		{D70E3349-C593-46F9-ACCF-7D6922B1EF81}.Debug|Any CPU.Build.0 = Debug|Any CPU
		{D70E3349-C593-46F9-ACCF-7D6922B1EF81}.Release|Any CPU.ActiveCfg = Release|Any CPU
		{D70E3349-C593-46F9-ACCF-7D6922B1EF81}.Release|Any CPU.Build.0 = Release|Any CPU
		{3775E04B-12E2-4B0E-A2CB-7AEBAC03B3DB}.Debug|Any CPU.ActiveCfg = Debug|Any CPU
		{3775E04B-12E2-4B0E-A2CB-7AEBAC03B3DB}.Debug|Any CPU.Build.0 = Debug|Any CPU
		{3775E04B-12E2-4B0E-A2CB-7AEBAC03B3DB}.Release|Any CPU.ActiveCfg = Release|Any CPU
		{3775E04B-12E2-4B0E-A2CB-7AEBAC03B3DB}.Release|Any CPU.Build.0 = Release|Any CPU
		{996037EB-8588-4CAA-AFA2-9CC7A2C60B1E}.Debug|Any CPU.ActiveCfg = Debug|Any CPU
		{996037EB-8588-4CAA-AFA2-9CC7A2C60B1E}.Debug|Any CPU.Build.0 = Debug|Any CPU
		{996037EB-8588-4CAA-AFA2-9CC7A2C60B1E}.Release|Any CPU.ActiveCfg = Release|Any CPU
		{996037EB-8588-4CAA-AFA2-9CC7A2C60B1E}.Release|Any CPU.Build.0 = Release|Any CPU
	EndGlobalSection
	GlobalSection(SolutionProperties) = preSolution
		HideSolutionNode = FALSE
	EndGlobalSection
	GlobalSection(ExtensibilityGlobals) = postSolution
		SolutionGuid = {FBFB91EB-4110-4C92-8D7D-560EEB0E45CF}
	EndGlobalSection
EndGlobal
